
Microsoft Visual Studio Solution File, Format Version 12.00
# Visual Studio Version 16
VisualStudioVersion = 16.0.30621.155
MinimumVisualStudioVersion = 10.0.40219.1
Project("{FAE04EC0-301F-11D3-BF4B-00C04F79EFBC}") = "PokerBlindsMobile.Android", "PokerBlindsMobile\PokerBlindsMobile.Android\PokerBlindsMobile.Android.csproj", "{7F2CF5DE-A193-49BA-AEDD-BF37F88DEF63}"
EndProject
Project("{FAE04EC0-301F-11D3-BF4B-00C04F79EFBC}") = "PokerBlindsMobile", "PokerBlindsMobile\PokerBlindsMobile\PokerBlindsMobile.csproj", "{C1F14852-3354-4D59-B630-8ABA487E1EFC}"
EndProject
Global
	GlobalSection(SolutionConfigurationPlatforms) = preSolution
		Debug|Any CPU = Debug|Any CPU
		Release|Any CPU = Release|Any CPU
	EndGlobalSection
	GlobalSection(ProjectConfigurationPlatforms) = postSolution
		{7F2CF5DE-A193-49BA-AEDD-BF37F88DEF63}.Debug|Any CPU.ActiveCfg = Debug|Any CPU
		{7F2CF5DE-A193-49BA-AEDD-BF37F88DEF63}.Debug|Any CPU.Build.0 = Debug|Any CPU
		{7F2CF5DE-A193-49BA-AEDD-BF37F88DEF63}.Debug|Any CPU.Deploy.0 = Debug|Any CPU
		{7F2CF5DE-A193-49BA-AEDD-BF37F88DEF63}.Release|Any CPU.ActiveCfg = Release|Any CPU
		{7F2CF5DE-A193-49BA-AEDD-BF37F88DEF63}.Release|Any CPU.Build.0 = Release|Any CPU
		{7F2CF5DE-A193-49BA-AEDD-BF37F88DEF63}.Release|Any CPU.Deploy.0 = Release|Any CPU
		{C1F14852-3354-4D59-B630-8ABA487E1EFC}.Debug|Any CPU.ActiveCfg = Debug|Any CPU
		{C1F14852-3354-4D59-B630-8ABA487E1EFC}.Debug|Any CPU.Build.0 = Debug|Any CPU
		{C1F14852-3354-4D59-B630-8ABA487E1EFC}.Debug|Any CPU.Deploy.0 = Debug|Any CPU
		{C1F14852-3354-4D59-B630-8ABA487E1EFC}.Release|Any CPU.ActiveCfg = Release|Any CPU
		{C1F14852-3354-4D59-B630-8ABA487E1EFC}.Release|Any CPU.Build.0 = Release|Any CPU
		{C1F14852-3354-4D59-B630-8ABA487E1EFC}.Release|Any CPU.Deploy.0 = Release|Any CPU
	EndGlobalSection
	GlobalSection(SolutionProperties) = preSolution
		HideSolutionNode = FALSE
	EndGlobalSection
	GlobalSection(ExtensibilityGlobals) = postSolution
		SolutionGuid = {E21AF468-4293-4DEE-AC3F-D3DC209AE8C9}
	EndGlobalSection
EndGlobal
